
Microsoft Visual Studio Solution File, Format Version 12.00
# Visual Studio Version 17
VisualStudioVersion = 17.0.31903.59
MinimumVisualStudioVersion = 10.0.40219.1
Project("{9A19103F-16F7-4668-BE54-9A1E7A4F7556}") = "Restaurants.API", "Restaurants.API\Restaurants.API.csproj", "{682E20AD-3E54-41D6-9A8F-0B65A56D4678}"
EndProject
Project("{9A19103F-16F7-4668-BE54-9A1E7A4F7556}") = "Restaurants.Domain", "Restaurants.Domain\Restaurants.Domain.csproj", "{C3AD217B-6A34-4F61-8E01-D8F7957E42DB}"
EndProject
Project("{9A19103F-16F7-4668-BE54-9A1E7A4F7556}") = "Restaurants.Application", "Restaurants.Application\Restaurants.Application.csproj", "{33066F53-68C9-49C5-9137-064CE46A558C}"
EndProject
Project("{9A19103F-16F7-4668-BE54-9A1E7A4F7556}") = "Restaurants.Infrastructure", "Restaurants.Infrastructure\Restaurants.Infrastructure.csproj", "{3EFAB78A-7569-478D-B0B8-5E50D7414DE9}"
EndProject
Project("{9A19103F-16F7-4668-BE54-9A1E7A4F7556}") = "Restaurants.ApplicationTests", "Restaurants.ApplicationTests\Restaurants.ApplicationTests.csproj", "{59E5571F-C58C-46F2-BA9A-A1786CE9C152}"
EndProject
Project("{FAE04EC0-301F-11D3-BF4B-00C04F79EFBC}") = "Restaurants.InfrastructureTests", "Restaurants.InfrastructureTests\Restaurants.InfrastructureTests.csproj", "{90E6AF39-F888-441D-A817-31A1E3520297}"
EndProject
Project("{FAE04EC0-301F-11D3-BF4B-00C04F79EFBC}") = "Restaurants.APITests", "Restaurants.APITests\Restaurants.APITests.csproj", "{037318B1-D59C-4C1D-9F59-0E0A51E6E145}"
EndProject
Global
	GlobalSection(SolutionConfigurationPlatforms) = preSolution
		Debug|Any CPU = Debug|Any CPU
		Release|Any CPU = Release|Any CPU
	EndGlobalSection
	GlobalSection(ProjectConfigurationPlatforms) = postSolution
		{682E20AD-3E54-41D6-9A8F-0B65A56D4678}.Debug|Any CPU.ActiveCfg = Debug|Any CPU
		{682E20AD-3E54-41D6-9A8F-0B65A56D4678}.Debug|Any CPU.Build.0 = Debug|Any CPU
		{682E20AD-3E54-41D6-9A8F-0B65A56D4678}.Release|Any CPU.ActiveCfg = Release|Any CPU
		{682E20AD-3E54-41D6-9A8F-0B65A56D4678}.Release|Any CPU.Build.0 = Release|Any CPU
		{C3AD217B-6A34-4F61-8E01-D8F7957E42DB}.Debug|Any CPU.ActiveCfg = Debug|Any CPU
		{C3AD217B-6A34-4F61-8E01-D8F7957E42DB}.Debug|Any CPU.Build.0 = Debug|Any CPU
		{C3AD217B-6A34-4F61-8E01-D8F7957E42DB}.Release|Any CPU.ActiveCfg = Release|Any CPU
		{C3AD217B-6A34-4F61-8E01-D8F7957E42DB}.Release|Any CPU.Build.0 = Release|Any CPU
		{33066F53-68C9-49C5-9137-064CE46A558C}.Debug|Any CPU.ActiveCfg = Debug|Any CPU
		{33066F53-68C9-49C5-9137-064CE46A558C}.Debug|Any CPU.Build.0 = Debug|Any CPU
		{33066F53-68C9-49C5-9137-064CE46A558C}.Release|Any CPU.ActiveCfg = Release|Any CPU
		{33066F53-68C9-49C5-9137-064CE46A558C}.Release|Any CPU.Build.0 = Release|Any CPU
		{3EFAB78A-7569-478D-B0B8-5E50D7414DE9}.Debug|Any CPU.ActiveCfg = Debug|Any CPU
		{3EFAB78A-7569-478D-B0B8-5E50D7414DE9}.Debug|Any CPU.Build.0 = Debug|Any CPU
		{3EFAB78A-7569-478D-B0B8-5E50D7414DE9}.Release|Any CPU.ActiveCfg = Release|Any CPU
		{3EFAB78A-7569-478D-B0B8-5E50D7414DE9}.Release|Any CPU.Build.0 = Release|Any CPU
		{59E5571F-C58C-46F2-BA9A-A1786CE9C152}.Debug|Any CPU.ActiveCfg = Debug|Any CPU
		{59E5571F-C58C-46F2-BA9A-A1786CE9C152}.Debug|Any CPU.Build.0 = Debug|Any CPU
		{59E5571F-C58C-46F2-BA9A-A1786CE9C152}.Release|Any CPU.ActiveCfg = Release|Any CPU
		{59E5571F-C58C-46F2-BA9A-A1786CE9C152}.Release|Any CPU.Build.0 = Release|Any CPU
		{90E6AF39-F888-441D-A817-31A1E3520297}.Debug|Any CPU.ActiveCfg = Debug|Any CPU
		{90E6AF39-F888-441D-A817-31A1E3520297}.Debug|Any CPU.Build.0 = Debug|Any CPU
		{90E6AF39-F888-441D-A817-31A1E3520297}.Release|Any CPU.ActiveCfg = Release|Any CPU
		{90E6AF39-F888-441D-A817-31A1E3520297}.Release|Any CPU.Build.0 = Release|Any CPU
		{037318B1-D59C-4C1D-9F59-0E0A51E6E145}.Debug|Any CPU.ActiveCfg = Debug|Any CPU
		{037318B1-D59C-4C1D-9F59-0E0A51E6E145}.Debug|Any CPU.Build.0 = Debug|Any CPU
		{037318B1-D59C-4C1D-9F59-0E0A51E6E145}.Release|Any CPU.ActiveCfg = Release|Any CPU
		{037318B1-D59C-4C1D-9F59-0E0A51E6E145}.Release|Any CPU.Build.0 = Release|Any CPU
	EndGlobalSection
	GlobalSection(SolutionProperties) = preSolution
		HideSolutionNode = FALSE
	EndGlobalSection
	GlobalSection(ExtensibilityGlobals) = postSolution
		SolutionGuid = {16BE912E-0865-4528-8871-1145553560EC}
	EndGlobalSection
EndGlobal
